
Microsoft Visual Studio Solution File, Format Version 12.00
# Visual Studio Version 17
VisualStudioVersion = 17.5.002.0
MinimumVisualStudioVersion = 10.0.40219.1
Project("{9A19103F-16F7-4668-BE54-9A1E7A4F7556}") = "AppStore", "AppStore\AppStore.csproj", "{1EF49AE0-8B79-46AA-A704-9C56B180C474}"
EndProject
Global
	GlobalSection(SolutionConfigurationPlatforms) = preSolution
		Debug|Any CPU = Debug|Any CPU
		Release|Any CPU = Release|Any CPU
	EndGlobalSection
	GlobalSection(ProjectConfigurationPlatforms) = postSolution
		{1EF49AE0-8B79-46AA-A704-9C56B180C474}.Debug|Any CPU.ActiveCfg = Debug|Any CPU
		{1EF49AE0-8B79-46AA-A704-9C56B180C474}.Debug|Any CPU.Build.0 = Debug|Any CPU
		{1EF49AE0-8B79-46AA-A704-9C56B180C474}.Release|Any CPU.ActiveCfg = Release|Any CPU
		{1EF49AE0-8B79-46AA-A704-9C56B180C474}.Release|Any CPU.Build.0 = Release|Any CPU
	EndGlobalSection
	GlobalSection(SolutionProperties) = preSolution
		HideSolutionNode = FALSE
	EndGlobalSection
	GlobalSection(ExtensibilityGlobals) = postSolution
		SolutionGuid = {367C0383-80A6-480E-AA74-B54EE334499B}
	EndGlobalSection
EndGlobal
